
Microsoft Visual Studio Solution File, Format Version 12.00
# Visual Studio Version 16
VisualStudioVersion = 16.0.32228.343
MinimumVisualStudioVersion = 10.0.40219.1
Project("{9A19103F-16F7-4668-BE54-9A1E7A4F7556}") = "VoluntariosAPI", "VoluntariosAPI.csproj", "{765165AB-8C83-467A-9A9E-CB458B3E3BFE}"
EndProject
Global
	GlobalSection(SolutionConfigurationPlatforms) = preSolution
		Debug|Any CPU = Debug|Any CPU
		Release|Any CPU = Release|Any CPU
	EndGlobalSection
	GlobalSection(ProjectConfigurationPlatforms) = postSolution
		{765165AB-8C83-467A-9A9E-CB458B3E3BFE}.Debug|Any CPU.ActiveCfg = Debug|Any CPU
		{765165AB-8C83-467A-9A9E-CB458B3E3BFE}.Debug|Any CPU.Build.0 = Debug|Any CPU
		{765165AB-8C83-467A-9A9E-CB458B3E3BFE}.Release|Any CPU.ActiveCfg = Release|Any CPU
		{765165AB-8C83-467A-9A9E-CB458B3E3BFE}.Release|Any CPU.Build.0 = Release|Any CPU
	EndGlobalSection
	GlobalSection(SolutionProperties) = preSolution
		HideSolutionNode = FALSE
	EndGlobalSection
	GlobalSection(ExtensibilityGlobals) = postSolution
		SolutionGuid = {02269752-1B44-4765-A2BA-3B60E8A09EC9}
	EndGlobalSection
EndGlobal
